
Microsoft Visual Studio Solution File, Format Version 12.00
# Visual Studio Version 16
VisualStudioVersion = 16.0.30717.126
MinimumVisualStudioVersion = 10.0.40219.1
Project("{FAE04EC0-301F-11D3-BF4B-00C04F79EFBC}") = "Cliente", "Cliente\Cliente.csproj", "{73C4C387-1C2D-4910-B33A-7422FF6048FF}"
EndProject
Project("{FAE04EC0-301F-11D3-BF4B-00C04F79EFBC}") = "Servidor", "Servidor\Servidor.csproj", "{52F94922-B5E4-4C57-9E77-87CD91F13CED}"
EndProject
Project("{9A19103F-16F7-4668-BE54-9A1E7A4F7556}") = "Common", "Common\Common.csproj", "{FE8CFD0B-B628-4959-80BC-D43454124F70}"
EndProject
Global
	GlobalSection(SolutionConfigurationPlatforms) = preSolution
		Debug|Any CPU = Debug|Any CPU
		Release|Any CPU = Release|Any CPU
	EndGlobalSection
	GlobalSection(ProjectConfigurationPlatforms) = postSolution
		{73C4C387-1C2D-4910-B33A-7422FF6048FF}.Debug|Any CPU.ActiveCfg = Debug|Any CPU
		{73C4C387-1C2D-4910-B33A-7422FF6048FF}.Debug|Any CPU.Build.0 = Debug|Any CPU
		{73C4C387-1C2D-4910-B33A-7422FF6048FF}.Release|Any CPU.ActiveCfg = Release|Any CPU
		{73C4C387-1C2D-4910-B33A-7422FF6048FF}.Release|Any CPU.Build.0 = Release|Any CPU
		{52F94922-B5E4-4C57-9E77-87CD91F13CED}.Debug|Any CPU.ActiveCfg = Debug|Any CPU
		{52F94922-B5E4-4C57-9E77-87CD91F13CED}.Debug|Any CPU.Build.0 = Debug|Any CPU
		{52F94922-B5E4-4C57-9E77-87CD91F13CED}.Release|Any CPU.ActiveCfg = Release|Any CPU
		{52F94922-B5E4-4C57-9E77-87CD91F13CED}.Release|Any CPU.Build.0 = Release|Any CPU
		{FE8CFD0B-B628-4959-80BC-D43454124F70}.Debug|Any CPU.ActiveCfg = Debug|Any CPU
		{FE8CFD0B-B628-4959-80BC-D43454124F70}.Debug|Any CPU.Build.0 = Debug|Any CPU
		{FE8CFD0B-B628-4959-80BC-D43454124F70}.Release|Any CPU.ActiveCfg = Release|Any CPU
		{FE8CFD0B-B628-4959-80BC-D43454124F70}.Release|Any CPU.Build.0 = Release|Any CPU
	EndGlobalSection
	GlobalSection(SolutionProperties) = preSolution
		HideSolutionNode = FALSE
	EndGlobalSection
	GlobalSection(ExtensibilityGlobals) = postSolution
		SolutionGuid = {2C9E35BD-73AF-46E2-B23E-66C15727EDE6}
	EndGlobalSection
EndGlobal
